
Microsoft Visual Studio Solution File, Format Version 12.00
# Visual Studio 15
VisualStudioVersion = 15.0.27703.2035
MinimumVisualStudioVersion = 10.0.40219.1
Project("{FAE04EC0-301F-11D3-BF4B-00C04F79EFBC}") = "Checkpoint1", "Checkpoint1\Checkpoint1.csproj", "{CBF23AE0-897F-4F72-8C29-CB569B0E3ED7}"
EndProject
Global
	GlobalSection(SolutionConfigurationPlatforms) = preSolution
		Debug|Any CPU = Debug|Any CPU
		Release|Any CPU = Release|Any CPU
	EndGlobalSection
	GlobalSection(ProjectConfigurationPlatforms) = postSolution
		{CBF23AE0-897F-4F72-8C29-CB569B0E3ED7}.Debug|Any CPU.ActiveCfg = Debug|Any CPU
		{CBF23AE0-897F-4F72-8C29-CB569B0E3ED7}.Debug|Any CPU.Build.0 = Debug|Any CPU
		{CBF23AE0-897F-4F72-8C29-CB569B0E3ED7}.Release|Any CPU.ActiveCfg = Release|Any CPU
		{CBF23AE0-897F-4F72-8C29-CB569B0E3ED7}.Release|Any CPU.Build.0 = Release|Any CPU
	EndGlobalSection
	GlobalSection(SolutionProperties) = preSolution
		HideSolutionNode = FALSE
	EndGlobalSection
	GlobalSection(ExtensibilityGlobals) = postSolution
		SolutionGuid = {247EEA2E-0CFE-4B7D-BE12-59FF3C55CAD9}
	EndGlobalSection
EndGlobal
